{
  "name": "com.example.helloapp",
  "version": "1.0.0",
  "lockfileVersion": 1,
  "requires": true,
  "dependencies": {
    "cordova-plugin-hello": {
      "version": "git+https://github.com/don/cordova-plugin-hello.git#8bbc5e9e5de968182a2c4b6de163e6977a88556b",
      "from": "git+https://github.com/don/cordova-plugin-hello.git",
      "dev": true
    }
  }
}
